Microsoft Visual Studio Solution File, Format Version 12.00
# Visual Studio Version 17
VisualStudioVersion = 17.0.31611.283
MinimumVisualStudioVersion = 10.0.40219.1
Project("{9A19103F-16F7-4668-BE54-9A1E7A4F7556}") = "BlazorMauiIntro", "BlazorMauiIntro\BlazorMauiIntro.csproj", "{69AF03C3-1417-4BE7-90BA-58F283817932}"
EndProject
Project("{FAE04EC0-301F-11D3-BF4B-00C04F79EFBC}") = "RazorLibrary", "RazorLibrary\RazorLibrary.csproj", "{764934FC-E69F-4F79-A0A1-EF5732D85C97}"
EndProject
Project("{FAE04EC0-301F-11D3-BF4B-00C04F79EFBC}") = "BlazorServer", "BlazorServer\BlazorServer.csproj", "{9BFEB8CC-BA7E-4E8D-A691-C240483054BF}"
EndProject
Global
	GlobalSection(SolutionConfigurationPlatforms) = preSolution
		Debug|Any CPU = Debug|Any CPU
		Release|Any CPU = Release|Any CPU
	EndGlobalSection
	GlobalSection(ProjectConfigurationPlatforms) = postSolution
		{69AF03C3-1417-4BE7-90BA-58F283817932}.Debug|Any CPU.ActiveCfg = Debug|Any CPU
		{69AF03C3-1417-4BE7-90BA-58F283817932}.Debug|Any CPU.Build.0 = Debug|Any CPU
		{69AF03C3-1417-4BE7-90BA-58F283817932}.Debug|Any CPU.Deploy.0 = Debug|Any CPU
		{69AF03C3-1417-4BE7-90BA-58F283817932}.Release|Any CPU.ActiveCfg = Release|Any CPU
		{69AF03C3-1417-4BE7-90BA-58F283817932}.Release|Any CPU.Build.0 = Release|Any CPU
		{69AF03C3-1417-4BE7-90BA-58F283817932}.Release|Any CPU.Deploy.0 = Release|Any CPU
		{764934FC-E69F-4F79-A0A1-EF5732D85C97}.Debug|Any CPU.ActiveCfg = Debug|Any CPU
		{764934FC-E69F-4F79-A0A1-EF5732D85C97}.Debug|Any CPU.Build.0 = Debug|Any CPU
		{764934FC-E69F-4F79-A0A1-EF5732D85C97}.Release|Any CPU.ActiveCfg = Release|Any CPU
		{764934FC-E69F-4F79-A0A1-EF5732D85C97}.Release|Any CPU.Build.0 = Release|Any CPU
		{9BFEB8CC-BA7E-4E8D-A691-C240483054BF}.Debug|Any CPU.ActiveCfg = Debug|Any CPU
		{9BFEB8CC-BA7E-4E8D-A691-C240483054BF}.Debug|Any CPU.Build.0 = Debug|Any CPU
		{9BFEB8CC-BA7E-4E8D-A691-C240483054BF}.Release|Any CPU.ActiveCfg = Release|Any CPU
		{9BFEB8CC-BA7E-4E8D-A691-C240483054BF}.Release|Any CPU.Build.0 = Release|Any CPU
	EndGlobalSection
	GlobalSection(SolutionProperties) = preSolution
		HideSolutionNode = FALSE
	EndGlobalSection
	GlobalSection(ExtensibilityGlobals) = postSolution
		SolutionGuid = {61F7FB11-1E47-470C-91E2-47F8143E1572}
	EndGlobalSection
EndGlobal
